
Microsoft Visual Studio Solution File, Format Version 12.00
# Visual Studio Version 16
VisualStudioVersion = 16.0.31019.35
MinimumVisualStudioVersion = 10.0.40219.1
Project("{FAE04EC0-301F-11D3-BF4B-00C04F79EFBC}") = "MidTermAssignment1", "MidTermAssignment1\MidTermAssignment1.csproj", "{DDB9819F-760F-4F9F-8AD6-58D6BB4BD7F5}"
EndProject
Global
	GlobalSection(SolutionConfigurationPlatforms) = preSolution
		Debug|Any CPU = Debug|Any CPU
		Release|Any CPU = Release|Any CPU
	EndGlobalSection
	GlobalSection(ProjectConfigurationPlatforms) = postSolution
		{DDB9819F-760F-4F9F-8AD6-58D6BB4BD7F5}.Debug|Any CPU.ActiveCfg = Debug|Any CPU
		{DDB9819F-760F-4F9F-8AD6-58D6BB4BD7F5}.Debug|Any CPU.Build.0 = Debug|Any CPU
		{DDB9819F-760F-4F9F-8AD6-58D6BB4BD7F5}.Release|Any CPU.ActiveCfg = Release|Any CPU
		{DDB9819F-760F-4F9F-8AD6-58D6BB4BD7F5}.Release|Any CPU.Build.0 = Release|Any CPU
	EndGlobalSection
	GlobalSection(SolutionProperties) = preSolution
		HideSolutionNode = FALSE
	EndGlobalSection
	GlobalSection(ExtensibilityGlobals) = postSolution
		SolutionGuid = {5EB477D0-65A6-42C8-B17C-BD7C7DF42884}
	EndGlobalSection
EndGlobal
